<Solution>
  <Folder Name="/SolutionItems/">
    <File Path=".gitattributes" />
    <File Path=".gitignore" />
    <File Path="AGENTS.md" />
    <File Path="aspire.config.json" />
    <File Path="dotnet-tools.json" />
    <File Path="LICENSE.txt" />
    <File Path="nuget.config" />
    <File Path="opencode.json" />
    <File Path="README.md" />
    <File Path="skills-lock.json" />
  </Folder>
  <Project Path="src/CommentMap.AppHost/CommentMap.AppHost.csproj" />
  <Project Path="src/CommentMap.Application/CommentMap.Application.csproj" />
  <Project Path="src/CommentMap.EmailSender/CommentMap.EmailSender.csproj" />
  <Project Path="src/CommentMap.Infrastructure/CommentMap.Infrastructure.csproj" />
  <Project Path="src/CommentMap.MigrationService/CommentMap.MigrationService.csproj" />
  <Project Path="src/CommentMap.Mvc/CommentMap.Mvc.csproj" />
  <Project Path="src/CommentMap.ServiceDefaults/CommentMap.ServiceDefaults.csproj" />
  <Project Path="src/CommentMap.Shared/CommentMap.Shared.csproj" />
</Solution>
